
Microsoft Visual Studio Solution File, Format Version 12.00
# Visual Studio Version 17
VisualStudioVersion = 17.13.35828.75 d17.13
MinimumVisualStudioVersion = 10.0.40219.1
Project("{FAE04EC0-301F-11D3-BF4B-00C04F79EFBC}") = "DeleteRoomsTesting", "DeleteRoomsTesting\DeleteRoomsTesting.csproj", "{B4016B7D-CF77-4C81-AB2C-039E959ED51C}"
EndProject
Global
	GlobalSection(SolutionConfigurationPlatforms) = preSolution
		Debug|Any CPU = Debug|Any CPU
		Release|Any CPU = Release|Any CPU
	EndGlobalSection
	GlobalSection(ProjectConfigurationPlatforms) = postSolution
		{B4016B7D-CF77-4C81-AB2C-039E959ED51C}.Debug|Any CPU.ActiveCfg = Debug|Any CPU
		{B4016B7D-CF77-4C81-AB2C-039E959ED51C}.Debug|Any CPU.Build.0 = Debug|Any CPU
		{B4016B7D-CF77-4C81-AB2C-039E959ED51C}.Release|Any CPU.ActiveCfg = Release|Any CPU
		{B4016B7D-CF77-4C81-AB2C-039E959ED51C}.Release|Any CPU.Build.0 = Release|Any CPU
	EndGlobalSection
	GlobalSection(SolutionProperties) = preSolution
		HideSolutionNode = FALSE
	EndGlobalSection
	GlobalSection(ExtensibilityGlobals) = postSolution
		SolutionGuid = {998FED21-7B3F-418D-A113-3F35EB16928E}
	EndGlobalSection
EndGlobal
